
Microsoft Visual Studio Solution File, Format Version 12.00
# Visual Studio Version 17
VisualStudioVersion = 17.9.34723.18
MinimumVisualStudioVersion = 10.0.40219.1
Project("{FAE04EC0-301F-11D3-BF4B-00C04F79EFBC}") = "Directoryinfo_Practice", "Directoryinfo_Practice.csproj", "{07F482CC-80F5-4BE5-9ACE-312CAAA73E47}"
EndProject
Global
	GlobalSection(SolutionConfigurationPlatforms) = preSolution
		Debug|Any CPU = Debug|Any CPU
		Release|Any CPU = Release|Any CPU
	EndGlobalSection
	GlobalSection(ProjectConfigurationPlatforms) = postSolution
		{07F482CC-80F5-4BE5-9ACE-312CAAA73E47}.Debug|Any CPU.ActiveCfg = Debug|Any CPU
		{07F482CC-80F5-4BE5-9ACE-312CAAA73E47}.Debug|Any CPU.Build.0 = Debug|Any CPU
		{07F482CC-80F5-4BE5-9ACE-312CAAA73E47}.Release|Any CPU.ActiveCfg = Release|Any CPU
		{07F482CC-80F5-4BE5-9ACE-312CAAA73E47}.Release|Any CPU.Build.0 = Release|Any CPU
	EndGlobalSection
	GlobalSection(SolutionProperties) = preSolution
		HideSolutionNode = FALSE
	EndGlobalSection
	GlobalSection(ExtensibilityGlobals) = postSolution
		SolutionGuid = {29CCDC75-1D23-4381-8DA5-3FC9D084D6B0}
	EndGlobalSection
EndGlobal
